
Microsoft Visual Studio Solution File, Format Version 12.00
# Visual Studio Version 17
VisualStudioVersion = 17.9.34723.18
MinimumVisualStudioVersion = 10.0.40219.1
Project("{FAE04EC0-301F-11D3-BF4B-00C04F79EFBC}") = "NWRC21", "NWRC21\NWRC21.csproj", "{BF1152E8-06C8-42C8-AD92-19A95E7DEE0A}"
EndProject
Global
	GlobalSection(SolutionConfigurationPlatforms) = preSolution
		Debug|Any CPU = Debug|Any CPU
		Release|Any CPU = Release|Any CPU
	EndGlobalSection
	GlobalSection(ProjectConfigurationPlatforms) = postSolution
		{BF1152E8-06C8-42C8-AD92-19A95E7DEE0A}.Debug|Any CPU.ActiveCfg = Debug|Any CPU
		{BF1152E8-06C8-42C8-AD92-19A95E7DEE0A}.Debug|Any CPU.Build.0 = Debug|Any CPU
		{BF1152E8-06C8-42C8-AD92-19A95E7DEE0A}.Release|Any CPU.ActiveCfg = Release|Any CPU
		{BF1152E8-06C8-42C8-AD92-19A95E7DEE0A}.Release|Any CPU.Build.0 = Release|Any CPU
	EndGlobalSection
	GlobalSection(SolutionProperties) = preSolution
		HideSolutionNode = FALSE
	EndGlobalSection
	GlobalSection(ExtensibilityGlobals) = postSolution
		SolutionGuid = {D825D1A3-AD7C-4579-9E6E-FDC7FEE6C169}
	EndGlobalSection
EndGlobal
